{
  "object": {
    "pins": [
      {
        "package": "Alamofire",
        "repositoryURL": "https://github.com/Alamofire/Alamofire",
        "state": {
          "branch": null,
          "revision": "d120af1e8638c7da36c8481fd61a66c0c08dc4fc",
          "version": "5.4.4"
        }
      },
      {
        "package": "KeychainAccess",
        "repositoryURL": "https://github.com/kishikawakatsumi/KeychainAccess",
        "state": {
          "branch": null,
          "revision": "84e546727d66f1adc5439debad16270d0fdd04e7",
          "version": "4.2.2"
        }
      },
      {
        "package": "SocketIO",
        "repositoryURL": "https://github.com/socketio/socket.io-client-swift",
        "state": {
          "branch": "master",
          "revision": "a1ed825835a2d8c2555938e96557ccc05e4bebf3",
          "version": null
        }
      },
      {
        "package": "Starscream",
        "repositoryURL": "https://github.com/daltoniam/Starscream",
        "state": {
          "branch": null,
          "revision": "df8d82047f6654d8e4b655d1b1525c64e1059d21",
          "version": "4.0.4"
        }
      }
    ]
  },
  "version": 1
}
